{
  "requires": true,
  "lockfileVersion": 1,
  "dependencies": {
    "@popperjs/core": {
      "version": "2.5.3",
      "resolved": "https://registry.npmjs.org/@popperjs/core/-/core-2.5.3.tgz",
      "integrity": "sha512-RFwCobxsvZ6j7twS7dHIZQZituMIDJJNHS/qY6iuthVebxS3zhRY+jaC2roEKiAYaVuTcGmX6Luc6YBcf6zJVg=="
    },
    "@tippyjs/react": {
      "version": "4.2.0",
      "resolved": "https://registry.npmjs.org/@tippyjs/react/-/react-4.2.0.tgz",
      "integrity": "sha512-T6UcHtwtGkvgsBQ4bNp8BtXGxa2ujfOkWUogYkRtN4UVJ2QRgDdFoJeaPxdndnVYFEa2uTVxSFxs8QkSkZ2Gdw==",
      "requires": {
        "tippy.js": "^6.2.0"
      }
    },
    "tippy.js": {
      "version": "6.2.6",
      "resolved": "https://registry.npmjs.org/tippy.js/-/tippy.js-6.2.6.tgz",
      "integrity": "sha512-0tTL3WQNT0nWmpslhDryRahoBm6PT9fh1xXyDfOsvZpDzq52by2rF2nvsW0WX2j9nUZP/jSGDqfKJGjCtoGFKg==",
      "requires": {
        "@popperjs/core": "^2.4.4"
      }
    }
  }
}
